
Microsoft Visual Studio Solution File, Format Version 12.00
# Visual Studio 15
VisualStudioVersion = 15.0.27004.2010
MinimumVisualStudioVersion = 10.0.40219.1
Project("{FAE04EC0-301F-11D3-BF4B-00C04F79EFBC}") = "WeShare.Service", "WeShare.Service\WeShare.Service.csproj", "{AC81186D-B00C-4627-BFEA-7778D02DDFD2}"
EndProject
Global
	GlobalSection(SolutionConfigurationPlatforms) = preSolution
		Debug|Any CPU = Debug|Any CPU
		Release|Any CPU = Release|Any CPU
	EndGlobalSection
	GlobalSection(ProjectConfigurationPlatforms) = postSolution
		{AC81186D-B00C-4627-BFEA-7778D02DDFD2}.Debug|Any CPU.ActiveCfg = Debug|Any CPU
		{AC81186D-B00C-4627-BFEA-7778D02DDFD2}.Debug|Any CPU.Build.0 = Debug|Any CPU
		{AC81186D-B00C-4627-BFEA-7778D02DDFD2}.Release|Any CPU.ActiveCfg = Release|Any CPU
		{AC81186D-B00C-4627-BFEA-7778D02DDFD2}.Release|Any CPU.Build.0 = Release|Any CPU
	EndGlobalSection
	GlobalSection(SolutionProperties) = preSolution
		HideSolutionNode = FALSE
	EndGlobalSection
	GlobalSection(ExtensibilityGlobals) = postSolution
		SolutionGuid = {75639737-BF34-429B-AE4E-94CA44FB9377}
	EndGlobalSection
EndGlobal
